{
  "version": 4,
  "terraform_version": "1.0.2",
  "serial": 144,
  "lineage": "3f6aaa53-4c08-c036-b10a-9cf6bcab2bb9",
  "outputs": {},
  "resources": [
    {
      "mode": "managed",
      "type": "aws_instance",
      "name": "gitlab_server",
      "provider": "provider[\"registry.terraform.io/hashicorp/aws\"]",
      "instances": [
        {
          "schema_version": 1,
          "attributes": {
            "ami": "ami-0000280ed4ae3b00c",
            "arn": "arn:aws:ec2:us-east-2:896349498021:instance/i-0ca8d5ffcdb2bee09",
            "associate_public_ip_address": true,
            "availability_zone": "us-east-2c",
            "capacity_reservation_specification": [
              {
                "capacity_reservation_preference": "open",
                "capacity_reservation_target": []
              }
            ],
            "cpu_core_count": 2,
            "cpu_threads_per_core": 1,
            "credit_specification": [
              {
                "cpu_credits": "standard"
              }
            ],
            "disable_api_termination": false,
            "ebs_block_device": [],
            "ebs_optimized": false,
            "enclave_options": [
              {
                "enabled": false
              }
            ],
            "ephemeral_block_device": [],
            "get_password_data": false,
            "hibernation": false,
            "host_id": null,
            "iam_instance_profile": "",
            "id": "i-0ca8d5ffcdb2bee09",
            "instance_initiated_shutdown_behavior": "stop",
            "instance_state": "running",
            "instance_type": "t2.medium",
            "ipv6_address_count": 0,
            "ipv6_addresses": [],
            "key_name": "GitlabServerKey",
            "launch_template": [],
            "metadata_options": [
              {
                "http_endpoint": "enabled",
                "http_put_response_hop_limit": 1,
                "http_tokens": "optional"
              }
            ],
            "monitoring": false,
            "network_interface": [],
            "outpost_arn": "",
            "password_data": "",
            "placement_group": "",
            "primary_network_interface_id": "eni-0fbce029eff83bb11",
            "private_dns": "ip-10-0-3-171.us-east-2.compute.internal",
            "private_ip": "10.0.3.171",
            "public_dns": "ec2-18-189-1-27.us-east-2.compute.amazonaws.com",
            "public_ip": "18.189.1.27",
            "root_block_device": [
              {
                "delete_on_termination": true,
                "device_name": "/dev/sda1",
                "encrypted": false,
                "iops": 100,
                "kms_key_id": "",
                "tags": {},
                "throughput": 0,
                "volume_id": "vol-0d93fe7c4e7a2fefb",
                "volume_size": 8,
                "volume_type": "gp2"
              }
            ],
            "secondary_private_ips": [],
            "security_groups": [],
            "source_dest_check": true,
            "subnet_id": "subnet-04eaaa75a7b053324",
            "tags": {
              "Name": "GitlabServerInstance",
              "Owner": "DevOps"
            },
            "tags_all": {
              "Name": "GitlabServerInstance",
              "Owner": "DevOps"
            },
            "tenancy": "default",
            "timeouts": null,
            "user_data": null,
            "user_data_base64": null,
            "volume_tags": null,
            "vpc_security_group_ids": [
              "sg-05d50f28a82039625",
              "sg-0d141611ba17abb6c"
            ]
          },
          "sensitive_attributes": [],
          "private": "eyJlMmJmYjczMC1lY2FhLTExZTYtOGY4OC0zNDM2M2JjN2M0YzAiOnsiY3JlYXRlIjo2MDAwMDAwMDAwMDAsImRlbGV0ZSI6MTIwMDAwMDAwMDAwMCwidXBkYXRlIjo2MDAwMDAwMDAwMDB9LCJzY2hlbWFfdmVyc2lvbiI6IjEifQ=="
        }
      ]
    },
    {
      "mode": "managed",
      "type": "aws_key_pair",
      "name": "gitlab_runner_server_key",
      "provider": "provider[\"registry.terraform.io/hashicorp/aws\"]",
      "instances": [
        {
          "schema_version": 1,
          "attributes": {
            "arn": "arn:aws:ec2:us-east-2:896349498021:key-pair/GitlabRunnerKey",
            "fingerprint": "0c:7a:26:66:6d:be:2b:00:1f:29:8d:00:1e:9c:fd:29",
            "id": "GitlabRunnerKey",
            "key_name": "GitlabRunnerKey",
            "key_name_prefix": null,
            "key_pair_id": "key-0055f080101739144",
            "public_key": "ssh-rsa AAAAB3NzaC1yc2EAAAADAQABAAACAQCuHUn7XPDPu3cc3WpN+yupy3m6LRbuv2q9gqQCetqilvrlsylvCoH0ZoAj+SBGuvl0dEKkMQ3V+08PNLD8Qwpp/qpul2Rtpf6ZqTVll+8/UHlih1fJabjPae6bZe6CNLPR1zRkzNlDixKhrmIkvXx+Gc5Tey0fl1yZEj7RqqzNNW2UpfEabR+Ti32Kaz0DUdRuIP3+TMxZiqHLvCEKmKGhIkA4wUup3j+1eny76L+40/T9gyiHg/YCyX3Gd3E9ldJk/n4vEunIIkvwQU7BnqGgstnjMsGnib2MS8mSvcCLyFb8O44nt7tGIukj65BHvHqI33A8gEhkY2dri+pfL+y7l+Wkw6cVJKnTmSLoubV31muuouvMPKYJW7kUGaXaGwAfgHFvQ5vFNW0cNLzgzhXAcE86vl+84w9tFfc8gKgMAJAKu/kmrNuo/UM3W+oI2TlvyWBEzAMcC/8zXEvIKlxsV6N01KS7QalJ5CqMSKvTruQQcihAQKTLCNXhmC5mQ+Ag8x+ZH9+U7M2yzEpdDmouJN7IUC71GCbfDPEyvSWogXpNJcR8jbQTokBan8L5eJ2EuZMpZN+r2zYG0pyz//ArfGJohP6dFDJeFzmcUHFF/PNI5WKcyuQDk7lrQJMMmXYto7YYGq5BDHsGYQwxsEVC09TGLguFl1LrivSzV8pSAw==",
            "tags": {
              "Owner": "DevOps"
            },
            "tags_all": {
              "Owner": "DevOps"
            }
          },
          "sensitive_attributes": [],
          "private": "eyJzY2hlbWFfdmVyc2lvbiI6IjEifQ==",
          "dependencies": [
            "tls_private_key.dev_key"
          ]
        }
      ]
    },
    {
      "mode": "managed",
      "type": "aws_key_pair",
      "name": "gitlab_server_key",
      "provider": "provider[\"registry.terraform.io/hashicorp/aws\"]",
      "instances": [
        {
          "schema_version": 1,
          "attributes": {
            "arn": "arn:aws:ec2:us-east-2:896349498021:key-pair/GitlabServerKey",
            "fingerprint": "0c:7a:26:66:6d:be:2b:00:1f:29:8d:00:1e:9c:fd:29",
            "id": "GitlabServerKey",
            "key_name": "GitlabServerKey",
            "key_name_prefix": null,
            "key_pair_id": "key-09f2319bc4927245f",
            "public_key": "ssh-rsa AAAAB3NzaC1yc2EAAAADAQABAAACAQCuHUn7XPDPu3cc3WpN+yupy3m6LRbuv2q9gqQCetqilvrlsylvCoH0ZoAj+SBGuvl0dEKkMQ3V+08PNLD8Qwpp/qpul2Rtpf6ZqTVll+8/UHlih1fJabjPae6bZe6CNLPR1zRkzNlDixKhrmIkvXx+Gc5Tey0fl1yZEj7RqqzNNW2UpfEabR+Ti32Kaz0DUdRuIP3+TMxZiqHLvCEKmKGhIkA4wUup3j+1eny76L+40/T9gyiHg/YCyX3Gd3E9ldJk/n4vEunIIkvwQU7BnqGgstnjMsGnib2MS8mSvcCLyFb8O44nt7tGIukj65BHvHqI33A8gEhkY2dri+pfL+y7l+Wkw6cVJKnTmSLoubV31muuouvMPKYJW7kUGaXaGwAfgHFvQ5vFNW0cNLzgzhXAcE86vl+84w9tFfc8gKgMAJAKu/kmrNuo/UM3W+oI2TlvyWBEzAMcC/8zXEvIKlxsV6N01KS7QalJ5CqMSKvTruQQcihAQKTLCNXhmC5mQ+Ag8x+ZH9+U7M2yzEpdDmouJN7IUC71GCbfDPEyvSWogXpNJcR8jbQTokBan8L5eJ2EuZMpZN+r2zYG0pyz//ArfGJohP6dFDJeFzmcUHFF/PNI5WKcyuQDk7lrQJMMmXYto7YYGq5BDHsGYQwxsEVC09TGLguFl1LrivSzV8pSAw==",
            "tags": {
              "Owner": "DevOps"
            },
            "tags_all": {
              "Owner": "DevOps"
            }
          },
          "sensitive_attributes": [],
          "private": "eyJzY2hlbWFfdmVyc2lvbiI6IjEifQ==",
          "dependencies": [
            "tls_private_key.dev_key"
          ]
        }
      ]
    },
    {
      "mode": "managed",
      "type": "aws_network_interface_sg_attachment",
      "name": "gitlab_runner_sg_attachment",
      "provider": "provider[\"registry.terraform.io/hashicorp/aws\"]",
      "instances": []
    },
    {
      "mode": "managed",
      "type": "aws_network_interface_sg_attachment",
      "name": "sg_attachment",
      "provider": "provider[\"registry.terraform.io/hashicorp/aws\"]",
      "instances": [
        {
          "schema_version": 0,
          "attributes": {
            "id": "sg-05d50f28a82039625_eni-0fbce029eff83bb11",
            "network_interface_id": "eni-0fbce029eff83bb11",
            "security_group_id": "sg-05d50f28a82039625"
          },
          "sensitive_attributes": [],
          "private": "bnVsbA==",
          "dependencies": [
            "aws_instance.gitlab_server",
            "aws_security_group.gitlab_security_group"
          ]
        }
      ]
    },
    {
      "mode": "managed",
      "type": "aws_s3_bucket",
      "name": "tt_gitlab_bucket",
      "provider": "provider[\"registry.terraform.io/hashicorp/aws\"]",
      "instances": [
        {
          "schema_version": 0,
          "attributes": {
            "acceleration_status": "",
            "acl": "private",
            "arn": "arn:aws:s3:::gitlablogbucket",
            "bucket": "gitlablogbucket",
            "bucket_domain_name": "gitlablogbucket.s3.amazonaws.com",
            "bucket_prefix": null,
            "bucket_regional_domain_name": "gitlablogbucket.s3.us-east-2.amazonaws.com",
            "cors_rule": [],
            "force_destroy": false,
            "grant": [],
            "hosted_zone_id": "Z2O1EMRO9K5GLX",
            "id": "gitlablogbucket",
            "lifecycle_rule": [],
            "logging": [
              {
                "target_bucket": "my-gitlab-elb-log-bucket001",
                "target_prefix": "gitlab-server-log/"
              }
            ],
            "object_lock_configuration": [],
            "policy": null,
            "region": "us-east-2",
            "replication_configuration": [],
            "request_payer": "BucketOwner",
            "server_side_encryption_configuration": [],
            "tags": {},
            "tags_all": {},
            "versioning": [
              {
                "enabled": false,
                "mfa_delete": false
              }
            ],
            "website": [],
            "website_domain": null,
            "website_endpoint": null
          },
          "sensitive_attributes": [],
          "private": "bnVsbA==",
          "dependencies": [
            "aws_s3_bucket.tt_gitlab_log_bucket"
          ]
        }
      ]
    },
    {
      "mode": "managed",
      "type": "aws_s3_bucket",
      "name": "tt_gitlab_log_bucket",
      "provider": "provider[\"registry.terraform.io/hashicorp/aws\"]",
      "instances": [
        {
          "schema_version": 0,
          "attributes": {
            "acceleration_status": "",
            "acl": "log-delivery-write",
            "arn": "arn:aws:s3:::my-gitlab-elb-log-bucket001",
            "bucket": "my-gitlab-elb-log-bucket001",
            "bucket_domain_name": "my-gitlab-elb-log-bucket001.s3.amazonaws.com",
            "bucket_prefix": null,
            "bucket_regional_domain_name": "my-gitlab-elb-log-bucket001.s3.us-east-2.amazonaws.com",
            "cors_rule": [],
            "force_destroy": false,
            "grant": [],
            "hosted_zone_id": "Z2O1EMRO9K5GLX",
            "id": "my-gitlab-elb-log-bucket001",
            "lifecycle_rule": [],
            "logging": [],
            "object_lock_configuration": [],
            "policy": null,
            "region": "us-east-2",
            "replication_configuration": [],
            "request_payer": "BucketOwner",
            "server_side_encryption_configuration": [],
            "tags": {},
            "tags_all": {},
            "versioning": [
              {
                "enabled": false,
                "mfa_delete": false
              }
            ],
            "website": [],
            "website_domain": null,
            "website_endpoint": null
          },
          "sensitive_attributes": [],
          "private": "bnVsbA=="
        }
      ]
    },
    {
      "mode": "managed",
      "type": "aws_security_group",
      "name": "gitlab_runner_security_group",
      "provider": "provider[\"registry.terraform.io/hashicorp/aws\"]",
      "instances": [
        {
          "schema_version": 1,
          "attributes": {
            "arn": "arn:aws:ec2:us-east-2:896349498021:security-group/sg-0a100cad422ab07ae",
            "description": "Gitlab runner Security Group",
            "egress": [
              {
                "cidr_blocks": [
                  "0.0.0.0/0"
                ],
                "description": "",
                "from_port": 0,
                "ipv6_cidr_blocks": [],
                "prefix_list_ids": [],
                "protocol": "-1",
                "security_groups": [],
                "self": false,
                "to_port": 0
              }
            ],
            "id": "sg-0a100cad422ab07ae",
            "ingress": [
              {
                "cidr_blocks": [
                  "0.0.0.0/0"
                ],
                "description": "insecure web connection",
                "from_port": 80,
                "ipv6_cidr_blocks": [],
                "prefix_list_ids": [],
                "protocol": "tcp",
                "security_groups": [],
                "self": false,
                "to_port": 80
              },
              {
                "cidr_blocks": [
                  "0.0.0.0/0"
                ],
                "description": "secure web connection",
                "from_port": 443,
                "ipv6_cidr_blocks": [],
                "prefix_list_ids": [],
                "protocol": "tcp",
                "security_groups": [],
                "self": false,
                "to_port": 443
              },
              {
                "cidr_blocks": [
                  "0.0.0.0/0"
                ],
                "description": "ssh port for accessing gitlab",
                "from_port": 22,
                "ipv6_cidr_blocks": [],
                "prefix_list_ids": [],
                "protocol": "tcp",
                "security_groups": [],
                "self": false,
                "to_port": 22
              },
              {
                "cidr_blocks": [
                  "10.0.3.0/24"
                ],
                "description": "insecure web connection",
                "from_port": 80,
                "ipv6_cidr_blocks": [],
                "prefix_list_ids": [],
                "protocol": "tcp",
                "security_groups": [],
                "self": false,
                "to_port": 80
              },
              {
                "cidr_blocks": [
                  "10.0.3.0/24"
                ],
                "description": "secure web connection",
                "from_port": 443,
                "ipv6_cidr_blocks": [],
                "prefix_list_ids": [],
                "protocol": "tcp",
                "security_groups": [],
                "self": false,
                "to_port": 443
              },
              {
                "cidr_blocks": [
                  "10.0.3.0/24"
                ],
                "description": "ssh port for accessing gitlab",
                "from_port": 22,
                "ipv6_cidr_blocks": [],
                "prefix_list_ids": [],
                "protocol": "tcp",
                "security_groups": [],
                "self": false,
                "to_port": 22
              }
            ],
            "name": "Gitlab runner Security Group",
            "name_prefix": "",
            "owner_id": "896349498021",
            "revoke_rules_on_delete": false,
            "tags": {
              "Name": "Gitlab-runner-SG",
              "Owner": "DevOps"
            },
            "tags_all": {
              "Name": "Gitlab-runner-SG",
              "Owner": "DevOps"
            },
            "timeouts": null,
            "vpc_id": "vpc-0992b6f9c990bed36"
          },
          "sensitive_attributes": [],
          "private": "eyJlMmJmYjczMC1lY2FhLTExZTYtOGY4OC0zNDM2M2JjN2M0YzAiOnsiY3JlYXRlIjo2MDAwMDAwMDAwMDAsImRlbGV0ZSI6OTAwMDAwMDAwMDAwfSwic2NoZW1hX3ZlcnNpb24iOiIxIn0="
        }
      ]
    },
    {
      "mode": "managed",
      "type": "aws_security_group",
      "name": "gitlab_security_group",
      "provider": "provider[\"registry.terraform.io/hashicorp/aws\"]",
      "instances": [
        {
          "schema_version": 1,
          "attributes": {
            "arn": "arn:aws:ec2:us-east-2:896349498021:security-group/sg-05d50f28a82039625",
            "description": "Gitlab Security Group",
            "egress": [
              {
                "cidr_blocks": [
                  "0.0.0.0/0"
                ],
                "description": "",
                "from_port": 0,
                "ipv6_cidr_blocks": [],
                "prefix_list_ids": [],
                "protocol": "-1",
                "security_groups": [],
                "self": false,
                "to_port": 0
              }
            ],
            "id": "sg-05d50f28a82039625",
            "ingress": [
              {
                "cidr_blocks": [
                  "0.0.0.0/0"
                ],
                "description": "custom port for accessing gitlab",
                "from_port": 8000,
                "ipv6_cidr_blocks": [],
                "prefix_list_ids": [],
                "protocol": "tcp",
                "security_groups": [],
                "self": false,
                "to_port": 8000
              },
              {
                "cidr_blocks": [
                  "0.0.0.0/0"
                ],
                "description": "insecure web connection",
                "from_port": 80,
                "ipv6_cidr_blocks": [],
                "prefix_list_ids": [],
                "protocol": "tcp",
                "security_groups": [],
                "self": false,
                "to_port": 80
              },
              {
                "cidr_blocks": [
                  "0.0.0.0/0"
                ],
                "description": "secure web connection",
                "from_port": 443,
                "ipv6_cidr_blocks": [],
                "prefix_list_ids": [],
                "protocol": "tcp",
                "security_groups": [],
                "self": false,
                "to_port": 443
              },
              {
                "cidr_blocks": [
                  "0.0.0.0/0"
                ],
                "description": "ssh port for accessing gitlab",
                "from_port": 22,
                "ipv6_cidr_blocks": [],
                "prefix_list_ids": [],
                "protocol": "tcp",
                "security_groups": [],
                "self": false,
                "to_port": 22
              }
            ],
            "name": "Gitlab Security Group",
            "name_prefix": "",
            "owner_id": "896349498021",
            "revoke_rules_on_delete": false,
            "tags": {
              "Name": "GitlabSG",
              "Owner": "DevOps"
            },
            "tags_all": {
              "Name": "GitlabSG",
              "Owner": "DevOps"
            },
            "timeouts": null,
            "vpc_id": "vpc-0992b6f9c990bed36"
          },
          "sensitive_attributes": [],
          "private": "eyJlMmJmYjczMC1lY2FhLTExZTYtOGY4OC0zNDM2M2JjN2M0YzAiOnsiY3JlYXRlIjo2MDAwMDAwMDAwMDAsImRlbGV0ZSI6OTAwMDAwMDAwMDAwfSwic2NoZW1hX3ZlcnNpb24iOiIxIn0="
        }
      ]
    },
    {
      "mode": "managed",
      "type": "tls_private_key",
      "name": "dev_key",
      "provider": "provider[\"registry.terraform.io/hashicorp/tls\"]",
      "instances": [
        {
          "schema_version": 0,
          "attributes": {
            "algorithm": "RSA",
            "ecdsa_curve": "P224",
            "id": "a3769142b945d23cf21280f3b794ea14ea4f5a21",
            "private_key_pem": "-----BEGIN RSA PRIVATE KEY-----\nMIIJKQIBAAKCAgEArh1J+1zwz7t3HN1qTfsrqct5ui0W7r9qvYKkAnraopb65bMp\nbwqB9GaAI/kgRrr5dHRCpDEN1ftPDzSw/EMKaf6qbpdkbaX+mak1ZZfvP1B5YodX\nyWm4z2num2XugjSz0dc0ZMzZQ4sSoa5iJL18fhnOU3stH5dcmRI+0aqszTVtlKXx\nGm0fk4t9ims9A1HUbiD9/kzMWYqhy7whCpihoSJAOMFLqd4/tXp8u+i/uNP0/YMo\nh4P2Asl9xndxPZXSZP5+LxLpyCJL8EFOwZ6hoLLZ4zLBp4m9jEvJkr3Ai8hW/DuO\nJ7e7RiLpI+uQR7x6iN9wPIBIZGNna4vqXy/su5flpMOnFSSp05ki6Lm1d9ZrrqLr\nzDymCVu5FBml2hsAH4Bxb0ObxTVtHDS84M4VwHBPOr5fvOMPbRX3PICoDACQCrv5\nJqzbqP1DN1vqCNk5b8lgRMwDHAv/M1xLyCpcbFejdNSku0GpSeQqjEir067kEHIo\nQECkywjV4ZguZkPgIPMfmR/flOzNssxKXQ5qLiTeyFAu9Rgm3wzxMr0lqIF6TSXE\nfI20E6JAWp/C+XidhLmTKWTfq9s2BtKcs//wK3xiaIT+nRQyXhc5nFBxRfzzSOVi\nnMrkA5O5a0CTDJl2LaO2GBquQQx7BmEMMbBFQtPUxi4LhZdS64r0s1fKUgMCAwEA\nAQKCAgEAhRrk9OGPQu9oVsu5udW7AnoIG9jegDQbcLcPlMnAnK1ZLwKxOS9KO8Gk\nUlvgXdIQZAOA8q6BikUtok1AxAioTHGgbx0TbHOK2IOvy3PENZ3avgUDinllDENK\nYsgg9q89jLy9VBX6PhVyb+G1K6skIe6ueclfrJf09Rwqo/SbV+FxXUMit3YWvp/T\noF7s7L3A7VQReDfTvNwrZmnyxHv8jAd4GytCIaFDCQSTmL+M2cpHrwp2kGrERkss\n+O1Ux6Tii8y2QFxwFkyJyyjSAVi47PXtdi/WNbMqEbfaaHDhYrsMLJWGzjw6UZrc\nqlYqHX0sG7jcv5O+Q+huJpx21r/3dAsVXgUfwvEo26r3g/qSNAvSNip5jYLVvncT\nyDYoFXthwnnOKvjo0ekAK2Xb8MJTUvlp0vKbUuyRrSjEvzOL0b5XPhwIHU+IbDlh\nfpLPtb+PVwqtNTve3NNuoljvtUo2j5mD64JbE507kaUJbwp5IWX2krztlcw1DCM/\n+nvlXRn89ke1MICDMC3Dmv7P1Lp/V3lTFoAjOQZdSNIeEE3Ox1nH5nE54/W6cVCX\n+18hJXhR7BzdibEHAfK9fsat8rl4W5msxLEONGTGlfeiLh/+/jaJFUUP+Zsbol7+\n4hirCZKPU+5cTVeUaAiqQJWZ/mlVVTnMMtSiA0Aa/OIxyh34UMECggEBANLgMvcQ\nFv8545aEkIZyqvgnqYFt4bOe/5yrBhNAxk38E5SipYU5JfFsj95icCycQFVqwtQH\nZjoUTkpmp9IXrjnmDTEUGVkM3zmrO+h0MXAdRftw0Gt91IE6ekNQBnQx4LVI0q+D\n9rFdc2HJ/fvQs9FhO4OKniKu5kzTWcVMQFYmfnhsQEAs4cYibJ2wNdqL0H7TKrTj\nbWgrREkXia7vMbFR5BM9X5KUiOhNdAfMzkj8O1VCiiCl5UZfw73Knrtf7dpvqB03\nBhBzipW+u1A+zuIpk07HCyqgRfGQ8YD9Z5/83lskoh0IDoypaI8FiFR0G/72mcPX\nQ5BeOhJ5iwwPQ2MCggEBANNfTDW6SPPMOW1OxET9l3Tl0B6YmqS5yyS4jZVTjEJW\ngI6O1iJfW6PUIgE4HXbatzLt7gDD0/71W6OSYSokMrNcF08r8nUWpZQLYSMdQdgD\n37lnRZuVOSQ4T2lEM1dM+GX+8KiwYr4Nbx3w4NpH39nKlqhq1uAiWyzclRQzgSUR\nV0gnOn5CEEpfGF3U8TzUpGoMvZzMd4HXQiqQygIshmUQFQXK8sbmdiJZJ+O9l12k\nA1bY/IPnbvEEtiPiqCS1k6oCan398HMOBG4Jc0zYyMJ8bnnmd9zUEkby9NKH0k9E\nEHjG3mhfCWgqJo5gQ8q6nskg9sjXXqK6cBdjfi43COECggEBAJYT/fGbv+IxHupW\nuk0VetxVzetReppNhHnJte8p4HhL+NuFzes8uuZRbyrEQDVfluGzs6kXAwg+v2Fw\nIewB8ns+YREWzttzr8LpPR+44h56lv3WUl7OFNlL9wvE/nLftJ8QjvFfJ8kfSyjD\ni0EWTYOsgaCinNzuQPVYTcF+/SLTDptB35BM4PoUMd0gNZOugdphCznlyk2izVx/\npfucPG+IapvOyCAYGj/KL9QFTKLg8JFDY+7MYpptOW/vrnyIT01wveLc8DHxKSZd\nsg3wRWjsUex0+FuD6YN8toQo1QEmBFI1hjLHMyOkxcdUFqyUXgBdHR4mK+2pQgc3\n/V+91SUCggEAYPamjz8VmEFnVq17e+qZQBbskhyPVGGmvwGqcYYSIZxs/PipYrs7\n3rvBna2QVqWexM5BEDjFV4BWuYK88AgK+hyU1MzkPLJW4sMVnHYfbmjYiMTHOcgK\nnoL2auPOaY31pVR+MeQ4Z9bh0mpdu8Sc+9vjoP7h84/PI5VNDidSZx69W2wjeSf1\nMSjOlLzKrY0en0eY9AUYDYgh4kTpZnXmcRYfjri7BmNSbg9YLTEb7uj+XyjLLfdM\n/WOb6npfh/eD9cmF8KY9V4pmndPYALix4AYU5/bBpZvjhoiNpsaHw7UFmWIhRN/U\nAOTVKxsd/jH+BWYJz7h8wUmlghUyHSFCAQKCAQBvIkw3W5j7y4JTlkNo08ZzgYVe\ndjcMUTl/pQNj4SUHM6ptwolHlHHpl/q1iPTFhcAFMdYKcuY4+pqqoBe0IK0mO8M1\noAZOjfGX0AQhCXwG6vhYrmt4mO4HP7GXHd6TcTCTztJnjF0km4FmtY3T8q8WapTG\n3muHSWUZxjuV2lcNxItYNy1yEaMH2bHlxkhj/vxXQ4FR8TQIlsTt0YQGe73MOV0L\nQRxmO7gy5EL0hloi6/xJDSdEn8mfd3RgmRZYBr12NkwSFixgOLrVMWoWcCkMDUpZ\nXfZUhNyshAYNBWmJFJKWIViuw+4wAjDDPi9XX7IjNBQ5VYkAebRQYDJi50wH\n-----END RSA PRIVATE KEY-----\n",
            "public_key_fingerprint_md5": "f3:00:eb:99:b7:99:e5:7b:ec:e7:d6:fc:c9:14:5a:08",
            "public_key_openssh": "ssh-rsa AAAAB3NzaC1yc2EAAAADAQABAAACAQCuHUn7XPDPu3cc3WpN+yupy3m6LRbuv2q9gqQCetqilvrlsylvCoH0ZoAj+SBGuvl0dEKkMQ3V+08PNLD8Qwpp/qpul2Rtpf6ZqTVll+8/UHlih1fJabjPae6bZe6CNLPR1zRkzNlDixKhrmIkvXx+Gc5Tey0fl1yZEj7RqqzNNW2UpfEabR+Ti32Kaz0DUdRuIP3+TMxZiqHLvCEKmKGhIkA4wUup3j+1eny76L+40/T9gyiHg/YCyX3Gd3E9ldJk/n4vEunIIkvwQU7BnqGgstnjMsGnib2MS8mSvcCLyFb8O44nt7tGIukj65BHvHqI33A8gEhkY2dri+pfL+y7l+Wkw6cVJKnTmSLoubV31muuouvMPKYJW7kUGaXaGwAfgHFvQ5vFNW0cNLzgzhXAcE86vl+84w9tFfc8gKgMAJAKu/kmrNuo/UM3W+oI2TlvyWBEzAMcC/8zXEvIKlxsV6N01KS7QalJ5CqMSKvTruQQcihAQKTLCNXhmC5mQ+Ag8x+ZH9+U7M2yzEpdDmouJN7IUC71GCbfDPEyvSWogXpNJcR8jbQTokBan8L5eJ2EuZMpZN+r2zYG0pyz//ArfGJohP6dFDJeFzmcUHFF/PNI5WKcyuQDk7lrQJMMmXYto7YYGq5BDHsGYQwxsEVC09TGLguFl1LrivSzV8pSAw==\n",
            "public_key_pem": "-----BEGIN PUBLIC KEY-----\nMIICIjANBgkqhkiG9w0BAQEFAAOCAg8AMIICCgKCAgEArh1J+1zwz7t3HN1qTfsr\nqct5ui0W7r9qvYKkAnraopb65bMpbwqB9GaAI/kgRrr5dHRCpDEN1ftPDzSw/EMK\naf6qbpdkbaX+mak1ZZfvP1B5YodXyWm4z2num2XugjSz0dc0ZMzZQ4sSoa5iJL18\nfhnOU3stH5dcmRI+0aqszTVtlKXxGm0fk4t9ims9A1HUbiD9/kzMWYqhy7whCpih\noSJAOMFLqd4/tXp8u+i/uNP0/YMoh4P2Asl9xndxPZXSZP5+LxLpyCJL8EFOwZ6h\noLLZ4zLBp4m9jEvJkr3Ai8hW/DuOJ7e7RiLpI+uQR7x6iN9wPIBIZGNna4vqXy/s\nu5flpMOnFSSp05ki6Lm1d9ZrrqLrzDymCVu5FBml2hsAH4Bxb0ObxTVtHDS84M4V\nwHBPOr5fvOMPbRX3PICoDACQCrv5JqzbqP1DN1vqCNk5b8lgRMwDHAv/M1xLyCpc\nbFejdNSku0GpSeQqjEir067kEHIoQECkywjV4ZguZkPgIPMfmR/flOzNssxKXQ5q\nLiTeyFAu9Rgm3wzxMr0lqIF6TSXEfI20E6JAWp/C+XidhLmTKWTfq9s2BtKcs//w\nK3xiaIT+nRQyXhc5nFBxRfzzSOVinMrkA5O5a0CTDJl2LaO2GBquQQx7BmEMMbBF\nQtPUxi4LhZdS64r0s1fKUgMCAwEAAQ==\n-----END PUBLIC KEY-----\n",
            "rsa_bits": 4096
          },
          "sensitive_attributes": [],
          "private": "bnVsbA=="
        }
      ]
    },
    {
      "mode": "managed",
      "type": "tls_private_key",
      "name": "gitlab_runner_key",
      "provider": "provider[\"registry.terraform.io/hashicorp/tls\"]",
      "instances": [
        {
          "schema_version": 0,
          "attributes": {
            "algorithm": "RSA",
            "ecdsa_curve": "P224",
            "id": "4b0e821df6f6c722250a8fb33e4fe35d53f414b8",
            "private_key_pem": "-----BEGIN RSA PRIVATE KEY-----\nMIIJKQIBAAKCAgEAzxa8wn4Nxr+AisscYVnX0SOhKGki2PM8ql7I52/X2oEfHd4P\ncN8fCBL2E0L8MXFeA0vx+GReTGF/3dKTPbwMn+VvfFMydgkDM71MLO+IwRMbxnc9\nnL2XVHlsixLm6AIJ2GTKsJBTNG4r7VRS/VKnQrykyj93mC2fHdCzXp3sw7+7GWbj\nrrSKlRpfDeBH3LUzsWyC+jF1JyIxW96OcWREEshB1Ue4owsthVQesxoMzKKaswu6\n+UGdxNZswKZPeIumgwrOPcvB99JN3gF9V2JqFklsnlVLNij/z9YuYWPU8fTC2RWE\nNew6uZmu/KoqU4lTayG6Iz9T/Ot2Em7Wmf7ZnJznhOBrS56jbH6so4XNr3+1DT6/\nXA+JS9T0cgdF+AMf1SCPsKOB6dik/3b2xW9/M1aoYXFMtrjAWvrx+sxFcCZN8y8A\nQgwLpaihe/d/ubdGWFVjAii9NYTaUpNVbZlFNJyQ1nlPnPYdJCYvt38WXsso2yOd\nFNZehX9QSwe0D+s5wZqB4HQ/BoxRgjfPE3zuRCkBItTtjWT3qtl2GF3BaQBNDMj1\nB8Qd6OdQdGqE3Or3F8opeC3/9Vcme4y+bvRq6e4krXyLnrIQSy1bWxa/RoG04d/h\nKZ0JyXvks7XzFzZTpfozm4TVx/gp46v0wy0FNzQyUE29UKDN69U34bCTkp8CAwEA\nAQKCAgBKfN42gwrHg1hkE/zIU32aX1t3YqHDMXKPwXo4LPWSRcGAh8A8FDVgPRnA\nAeceja2IOAf4FXoJtUQ98KE/omVUGj3IlVBgPoulT6CXxS0Gba4e7AMAXv2QyAAv\n4gOmTh1mdZKmgbM796jbO+qB7fn1uk735G5LEZXbLpdmIB3qpwtQbr7Ut2Hlkc/A\n+PxAOfk3B1XxUlrWUak5Z0sLJEqMCvYLFjomgz3DaGeGeodCD/bfEggV4fEyvQHv\nJaMONAUXu4pFlgXV8xJJGXYROXf5Pj3QkdN0zrh89IhIRZVx1l1Dokak8qyI1+um\nPDrvQ0T7Eu2WAhBet/8HUFDmoVF6KoQLB0SPdf41QOdeIDEzTdsrDDiwRoJkiFhA\niuiRKGuUbeMfZdVxw248r524P15BEs8MmsBt221+8gzaedIpH235hQuNMwVW/Vz4\nxeEBXM7xdZix78BXC5T8s5Y+ahXSY2qsIEFjHvWL9Nm9TeewBOgnay0cWQCHpC2x\n3qSKuj8mWkpg2J+PKQ96RNs9fzlfkEwIjoT1WU6M3nhS68gxbNypHZd511LkTZNz\nPSMNebuMfKwZBDtw/MNg6ZIrtBqob81gNQ0WmXAiBHdLCB6rmXtG6ZCa4nFZ1v1d\nwDd6e74kJilDGei68BDNSgmXK8GiHNpHDITG+vt9+fDxeZhnMQKCAQEA+r3kntJg\ntHK5317Rlw0Ptd+1f7KEB/D7s/GrwTXv9CWV2ksWBPwBMz3j7R9SzKasBShbEjG4\nV35erRHNhvB0SubLyp+ZYgjsMSoh/yIzgMNdaw0ZLQcwkS7nz1P2kCtihSuEJhMp\nYJrI97iSOCKPpRlKy25wHV+/ceeF05Kii37A1wADodRvqPRBOhmbNlfJdumNIfuy\nl/+KBW/Mxg/Qvjkftg+3j0YKLyU3EeRadfrQUi/eiM60o9YJIYNlzZWG7VnDUqRv\nyW8uTJ9jzkWzXXR0j/upKcj7L0bOvpqj9ckagefaO0TNByvIqD8Qpq9VkEWhkPrn\nJLDvP5+wmUABaQKCAQEA025+U5uEHrkbJb4ZnNUywSxELCxSPqAnRBzAqEoANPqm\njsjGyW6j8qYrbZRsDdfAs4fqYHv6BtLc+naPC773TOM9S9glwLwJkoeKw+dVY5Dj\nhG+F0+KDtY/DxFqUxvYsY4MVJvc3Nc3/BS3v/df/cmz0jk1WsXLsiDhS6RslbfVQ\nZPmUl8TC6EmouJSHKNrYM+0oI3VY+o9kxHXVN/v+WezaOqtIxQLV8027janacjG3\n4HvxoOMMYBSDyMxnNMYRhDMBrnovt60IMbPAHww1PAwI3upfeqVrapZ629tN3rgt\n4EvqQoUlBpAqxh/qZSORqbKgb+Ui89aarYUKkLVqxwKCAQEA9UovDO/hiqVxEANC\nJfKxG8rtUy7f2qT0luQkka6iPsVGA3bQ469jvS0efCnYZjvmrGT+Mp5RJ8aH9+ci\nmI9CNMPzORVIh48TAEWnXF+o4p48FS2LI3GVIXIxc7E/02mdx4j6jgTQxaCmWTBG\nWoP04h4L/Vbcdt/j+Rn04TThrnUhUTLCWt3nHfFUnfHO1Sqr+5geaNBBtlBWRVtJ\nh7iRDIX1b7WQbKin7dcKOIabuC7U/JG3sT4FmQEZjZ9tR+CvTiIx4fbbJMOPF4YV\nrQSioxn5raETq7zhfS5Xsj61hwxk0hBufOyhZhJ/CZgoQefkXG7Bz4Kj/FDau/MM\nX98tgQKCAQEAm0BoXIY2dsTfjVBQyFu4wCX8DR+iaL/69UXTpf9otX5T7Ua6yVCH\n7HZeL0GsMmH56xpjXOPMTVRq1TNXiH16ZCf8a4PU/PhWYxVKLN3iUpEir62gbFzI\n7/oX+0e0NYCwSYYIcytWjBiuKSR5NEF2HpSo4xEhFn3X95K8NtUrH9nhZbPqi6L8\np8rmrFrMAJDp7v822QqjAqFmkeggX9KXC3sjJ698aMXTSqwKi1RsxiuB5MG+RLBT\n9v05Y6nMIvFKDXPSyUaJYWsaODzQVzwEnwoLPXyGDa4H+SV0I5qeTGubrDayVpQk\nAvS7o+3tlMSQgjZbHq73gmtT+xRVFLtSIwKCAQActRU0Srsi4IvY0eYyyytiZ6WI\n4J2VYWK0SenXphgdRqnYA5h5JAoglK0yNVHa+xg8cdiBPX6Vc8jmK8T4WCyynEc3\n6tPPD2F0PDA4RcaBsd64DL5PozIWAYe4W9yVKZj2EEXbcDRfqhGHflQ1koJBWVwA\n2XiLksKnMkbApAjE3hm/pWZIEt27RcAu/045s+2bjAZDl8zHGywO8b+Po/naD0D6\nvTB/04VsFoeB68FQuHm0BBq6u7NoM/ODGK7XFh/yreHBsjDwtyPiw5SqEIaHsjo+\nVTtcAaSmE5bEauhwwoUj04Ec7RpJtbI4NGqtuMcrultCiYxBfYaOwRjFO1lO\n-----END RSA PRIVATE KEY-----\n",
            "public_key_fingerprint_md5": "f1:eb:0f:99:e6:ea:c1:38:e1:9c:13:96:ae:7f:7e:d3",
            "public_key_openssh": "ssh-rsa AAAAB3NzaC1yc2EAAAADAQABAAACAQDPFrzCfg3Gv4CKyxxhWdfRI6EoaSLY8zyqXsjnb9fagR8d3g9w3x8IEvYTQvwxcV4DS/H4ZF5MYX/d0pM9vAyf5W98UzJ2CQMzvUws74jBExvGdz2cvZdUeWyLEuboAgnYZMqwkFM0bivtVFL9UqdCvKTKP3eYLZ8d0LNenezDv7sZZuOutIqVGl8N4EfctTOxbIL6MXUnIjFb3o5xZEQSyEHVR7ijCy2FVB6zGgzMopqzC7r5QZ3E1mzApk94i6aDCs49y8H30k3eAX1XYmoWSWyeVUs2KP/P1i5hY9Tx9MLZFYQ17Dq5ma78qipTiVNrIbojP1P863YSbtaZ/tmcnOeE4GtLnqNsfqyjhc2vf7UNPr9cD4lL1PRyB0X4Ax/VII+wo4Hp2KT/dvbFb38zVqhhcUy2uMBa+vH6zEVwJk3zLwBCDAulqKF793+5t0ZYVWMCKL01hNpSk1VtmUU0nJDWeU+c9h0kJi+3fxZeyyjbI50U1l6Ff1BLB7QP6znBmoHgdD8GjFGCN88TfO5EKQEi1O2NZPeq2XYYXcFpAE0MyPUHxB3o51B0aoTc6vcXyil4Lf/1VyZ7jL5u9Grp7iStfIueshBLLVtbFr9GgbTh3+EpnQnJe+SztfMXNlOl+jObhNXH+Cnjq/TDLQU3NDJQTb1QoM3r1TfhsJOSnw==\n",
            "public_key_pem": "-----BEGIN PUBLIC KEY-----\nMIICIjANBgkqhkiG9w0BAQEFAAOCAg8AMIICCgKCAgEAzxa8wn4Nxr+AisscYVnX\n0SOhKGki2PM8ql7I52/X2oEfHd4PcN8fCBL2E0L8MXFeA0vx+GReTGF/3dKTPbwM\nn+VvfFMydgkDM71MLO+IwRMbxnc9nL2XVHlsixLm6AIJ2GTKsJBTNG4r7VRS/VKn\nQrykyj93mC2fHdCzXp3sw7+7GWbjrrSKlRpfDeBH3LUzsWyC+jF1JyIxW96OcWRE\nEshB1Ue4owsthVQesxoMzKKaswu6+UGdxNZswKZPeIumgwrOPcvB99JN3gF9V2Jq\nFklsnlVLNij/z9YuYWPU8fTC2RWENew6uZmu/KoqU4lTayG6Iz9T/Ot2Em7Wmf7Z\nnJznhOBrS56jbH6so4XNr3+1DT6/XA+JS9T0cgdF+AMf1SCPsKOB6dik/3b2xW9/\nM1aoYXFMtrjAWvrx+sxFcCZN8y8AQgwLpaihe/d/ubdGWFVjAii9NYTaUpNVbZlF\nNJyQ1nlPnPYdJCYvt38WXsso2yOdFNZehX9QSwe0D+s5wZqB4HQ/BoxRgjfPE3zu\nRCkBItTtjWT3qtl2GF3BaQBNDMj1B8Qd6OdQdGqE3Or3F8opeC3/9Vcme4y+bvRq\n6e4krXyLnrIQSy1bWxa/RoG04d/hKZ0JyXvks7XzFzZTpfozm4TVx/gp46v0wy0F\nNzQyUE29UKDN69U34bCTkp8CAwEAAQ==\n-----END PUBLIC KEY-----\n",
            "rsa_bits": 4096
          },
          "sensitive_attributes": [],
          "private": "bnVsbA=="
        }
      ]
    }
  ]
}
